
Microsoft Visual Studio Solution File, Format Version 12.00
# Visual Studio 2017
Project("{FAE04EC0-301F-11D3-BF4B-00C04F79EFBC}") = "GotChange", "GotChange.csproj", "{43AD24EF-A7F8-ED7E-1414-53EA724047C4}"
EndProject
Project("{FAE04EC0-301F-11D3-BF4B-00C04F79EFBC}") = "GotChange.Plugins", "GotChange.Plugins.csproj", "{F2856031-666F-2FDA-9406-4ACA80EBDB1E}"
EndProject
Project("{FAE04EC0-301F-11D3-BF4B-00C04F79EFBC}") = "GotChange.Editor.Plugins", "GotChange.Editor.Plugins.csproj", "{E1C3244E-D252-D695-1A53-EF26AC51C9DA}"
EndProject
Global
	GlobalSection(SolutionConfigurationPlatforms) = preSolution
		Debug|Any CPU = Debug|Any CPU
		Release|Any CPU = Release|Any CPU
	EndGlobalSection
	GlobalSection(ProjectConfigurationPlatforms) = postSolution
		{43AD24EF-A7F8-ED7E-1414-53EA724047C4}.Debug|Any CPU.ActiveCfg = Debug|Any CPU
		{43AD24EF-A7F8-ED7E-1414-53EA724047C4}.Debug|Any CPU.Build.0 = Debug|Any CPU
		{43AD24EF-A7F8-ED7E-1414-53EA724047C4}.Release|Any CPU.ActiveCfg = Release|Any CPU
		{43AD24EF-A7F8-ED7E-1414-53EA724047C4}.Release|Any CPU.Build.0 = Release|Any CPU
		{F2856031-666F-2FDA-9406-4ACA80EBDB1E}.Debug|Any CPU.ActiveCfg = Debug|Any CPU
		{F2856031-666F-2FDA-9406-4ACA80EBDB1E}.Debug|Any CPU.Build.0 = Debug|Any CPU
		{F2856031-666F-2FDA-9406-4ACA80EBDB1E}.Release|Any CPU.ActiveCfg = Release|Any CPU
		{F2856031-666F-2FDA-9406-4ACA80EBDB1E}.Release|Any CPU.Build.0 = Release|Any CPU
		{E1C3244E-D252-D695-1A53-EF26AC51C9DA}.Debug|Any CPU.ActiveCfg = Debug|Any CPU
		{E1C3244E-D252-D695-1A53-EF26AC51C9DA}.Debug|Any CPU.Build.0 = Debug|Any CPU
		{E1C3244E-D252-D695-1A53-EF26AC51C9DA}.Release|Any CPU.ActiveCfg = Release|Any CPU
		{E1C3244E-D252-D695-1A53-EF26AC51C9DA}.Release|Any CPU.Build.0 = Release|Any CPU
	EndGlobalSection
	GlobalSection(SolutionProperties) = preSolution
		HideSolutionNode = FALSE
	EndGlobalSection
EndGlobal
